
Microsoft Visual Studio Solution File, Format Version 12.00
# Visual Studio Version 16
VisualStudioVersion = 16.0.29905.134
MinimumVisualStudioVersion = 10.0.40219.1
Project("{FAE04EC0-301F-11D3-BF4B-00C04F79EFBC}") = "HangmanK", "HangmanK.csproj", "{DB509097-0941-41F5-A7E4-3DDE2064D235}"
EndProject
Global
	GlobalSection(SolutionConfigurationPlatforms) = preSolution
		Debug|Any CPU = Debug|Any CPU
		Release|Any CPU = Release|Any CPU
	EndGlobalSection
	GlobalSection(ProjectConfigurationPlatforms) = postSolution
		{DB509097-0941-41F5-A7E4-3DDE2064D235}.Debug|Any CPU.ActiveCfg = Debug|Any CPU
		{DB509097-0941-41F5-A7E4-3DDE2064D235}.Debug|Any CPU.Build.0 = Debug|Any CPU
		{DB509097-0941-41F5-A7E4-3DDE2064D235}.Release|Any CPU.ActiveCfg = Release|Any CPU
		{DB509097-0941-41F5-A7E4-3DDE2064D235}.Release|Any CPU.Build.0 = Release|Any CPU
	EndGlobalSection
	GlobalSection(SolutionProperties) = preSolution
		HideSolutionNode = FALSE
	EndGlobalSection
	GlobalSection(ExtensibilityGlobals) = postSolution
		SolutionGuid = {B1A1751F-CDED-4431-B152-045E65EF6579}
	EndGlobalSection
EndGlobal
